
Microsoft Visual Studio Solution File, Format Version 12.00
# Visual Studio Version 17
VisualStudioVersion = 17.3.32901.215
MinimumVisualStudioVersion = 10.0.40219.1
Project("{9A19103F-16F7-4668-BE54-9A1E7A4F7556}") = "GConge.web.api", "GConge.web.api\GConge.web.api.csproj", "{07E87943-05F1-46A0-9634-14F049D61A9A}"
EndProject
Project("{2150E333-8FDC-42A3-9474-1A3956D46DE8}") = "src", "src", "{5C794140-5930-4B3D-BC3F-8903BD8C32DF}"
EndProject
Project("{2150E333-8FDC-42A3-9474-1A3956D46DE8}") = "Ui", "Ui", "{41103261-E710-4034-8159-A896D36C4016}"
EndProject
Project("{2150E333-8FDC-42A3-9474-1A3956D46DE8}") = "Api", "Api", "{C2386DF0-AD8C-4565-AC48-5FCA9055385B}"
EndProject
Project("{9A19103F-16F7-4668-BE54-9A1E7A4F7556}") = "GConge.Models", "GConge.Models\GConge.Models.csproj", "{92A2D292-EEC3-476A-9575-47EB3D774C44}"
EndProject
Project("{FAE04EC0-301F-11D3-BF4B-00C04F79EFBC}") = "GConge.Web.Client", "GConge.Web.Client\GConge.Web.Client.csproj", "{8CE414D2-56F9-4931-9EE7-D88D3661951D}"
EndProject
Project("{2150E333-8FDC-42A3-9474-1A3956D46DE8}") = "Core", "Core", "{9CC06535-537B-4B52-8021-56108DB6533E}"
EndProject
Global
	GlobalSection(SolutionConfigurationPlatforms) = preSolution
		Debug|Any CPU = Debug|Any CPU
		Release|Any CPU = Release|Any CPU
	EndGlobalSection
	GlobalSection(ProjectConfigurationPlatforms) = postSolution
		{07E87943-05F1-46A0-9634-14F049D61A9A}.Debug|Any CPU.ActiveCfg = Debug|Any CPU
		{07E87943-05F1-46A0-9634-14F049D61A9A}.Debug|Any CPU.Build.0 = Debug|Any CPU
		{07E87943-05F1-46A0-9634-14F049D61A9A}.Release|Any CPU.ActiveCfg = Release|Any CPU
		{07E87943-05F1-46A0-9634-14F049D61A9A}.Release|Any CPU.Build.0 = Release|Any CPU
		{92A2D292-EEC3-476A-9575-47EB3D774C44}.Debug|Any CPU.ActiveCfg = Debug|Any CPU
		{92A2D292-EEC3-476A-9575-47EB3D774C44}.Debug|Any CPU.Build.0 = Debug|Any CPU
		{92A2D292-EEC3-476A-9575-47EB3D774C44}.Release|Any CPU.ActiveCfg = Release|Any CPU
		{92A2D292-EEC3-476A-9575-47EB3D774C44}.Release|Any CPU.Build.0 = Release|Any CPU
		{8CE414D2-56F9-4931-9EE7-D88D3661951D}.Debug|Any CPU.ActiveCfg = Debug|Any CPU
		{8CE414D2-56F9-4931-9EE7-D88D3661951D}.Debug|Any CPU.Build.0 = Debug|Any CPU
		{8CE414D2-56F9-4931-9EE7-D88D3661951D}.Release|Any CPU.ActiveCfg = Release|Any CPU
		{8CE414D2-56F9-4931-9EE7-D88D3661951D}.Release|Any CPU.Build.0 = Release|Any CPU
	EndGlobalSection
	GlobalSection(SolutionProperties) = preSolution
		HideSolutionNode = FALSE
	EndGlobalSection
	GlobalSection(NestedProjects) = preSolution
		{07E87943-05F1-46A0-9634-14F049D61A9A} = {C2386DF0-AD8C-4565-AC48-5FCA9055385B}
		{41103261-E710-4034-8159-A896D36C4016} = {5C794140-5930-4B3D-BC3F-8903BD8C32DF}
		{C2386DF0-AD8C-4565-AC48-5FCA9055385B} = {5C794140-5930-4B3D-BC3F-8903BD8C32DF}
		{8CE414D2-56F9-4931-9EE7-D88D3661951D} = {41103261-E710-4034-8159-A896D36C4016}
		{9CC06535-537B-4B52-8021-56108DB6533E} = {5C794140-5930-4B3D-BC3F-8903BD8C32DF}
		{92A2D292-EEC3-476A-9575-47EB3D774C44} = {9CC06535-537B-4B52-8021-56108DB6533E}
	EndGlobalSection
	GlobalSection(ExtensibilityGlobals) = postSolution
		SolutionGuid = {B74B778D-7CA0-41AB-98DE-985D8889B942}
	EndGlobalSection
EndGlobal
